
Microsoft Visual Studio Solution File, Format Version 12.00
# Visual Studio Version 16
VisualStudioVersion = 16.0.30114.105
MinimumVisualStudioVersion = 10.0.40219.1
Project("{FAE04EC0-301F-11D3-BF4B-00C04F79EFBC}") = "GymD", "GymD\GymD.csproj", "{34E7E330-AA52-4FA1-BEB9-655EBE6CBA88}"
EndProject
Project("{FAE04EC0-301F-11D3-BF4B-00C04F79EFBC}") = "GymD.Data", "GymD.Data\GymD.Data.csproj", "{226479CF-13D4-4E9B-97A7-D014820AF698}"
EndProject
Project("{FAE04EC0-301F-11D3-BF4B-00C04F79EFBC}") = "GymD.Logic", "GymD.Logic\GymD.Logic.csproj", "{324B46FF-599D-44CC-B31A-B0DA3EC6C139}"
EndProject
Project("{FAE04EC0-301F-11D3-BF4B-00C04F79EFBC}") = "GymD.Common", "GymD.Common\GymD.Common.csproj", "{08B25DE0-FFE0-45C3-A7C3-12BD5487584F}"
EndProject
Global
	GlobalSection(SolutionConfigurationPlatforms) = preSolution
		Debug|Any CPU = Debug|Any CPU
		Debug|x64 = Debug|x64
		Debug|x86 = Debug|x86
		Release|Any CPU = Release|Any CPU
		Release|x64 = Release|x64
		Release|x86 = Release|x86
	EndGlobalSection
	GlobalSection(SolutionProperties) = preSolution
		HideSolutionNode = FALSE
	EndGlobalSection
	GlobalSection(ProjectConfigurationPlatforms) = postSolution
		{34E7E330-AA52-4FA1-BEB9-655EBE6CBA88}.Debug|Any CPU.ActiveCfg = Debug|Any CPU
		{34E7E330-AA52-4FA1-BEB9-655EBE6CBA88}.Debug|Any CPU.Build.0 = Debug|Any CPU
		{34E7E330-AA52-4FA1-BEB9-655EBE6CBA88}.Debug|x64.ActiveCfg = Debug|Any CPU
		{34E7E330-AA52-4FA1-BEB9-655EBE6CBA88}.Debug|x64.Build.0 = Debug|Any CPU
		{34E7E330-AA52-4FA1-BEB9-655EBE6CBA88}.Debug|x86.ActiveCfg = Debug|Any CPU
		{34E7E330-AA52-4FA1-BEB9-655EBE6CBA88}.Debug|x86.Build.0 = Debug|Any CPU
		{34E7E330-AA52-4FA1-BEB9-655EBE6CBA88}.Release|Any CPU.ActiveCfg = Release|Any CPU
		{34E7E330-AA52-4FA1-BEB9-655EBE6CBA88}.Release|Any CPU.Build.0 = Release|Any CPU
		{34E7E330-AA52-4FA1-BEB9-655EBE6CBA88}.Release|x64.ActiveCfg = Release|Any CPU
		{34E7E330-AA52-4FA1-BEB9-655EBE6CBA88}.Release|x64.Build.0 = Release|Any CPU
		{34E7E330-AA52-4FA1-BEB9-655EBE6CBA88}.Release|x86.ActiveCfg = Release|Any CPU
		{34E7E330-AA52-4FA1-BEB9-655EBE6CBA88}.Release|x86.Build.0 = Release|Any CPU
		{226479CF-13D4-4E9B-97A7-D014820AF698}.Debug|Any CPU.ActiveCfg = Debug|Any CPU
		{226479CF-13D4-4E9B-97A7-D014820AF698}.Debug|Any CPU.Build.0 = Debug|Any CPU
		{226479CF-13D4-4E9B-97A7-D014820AF698}.Debug|x64.ActiveCfg = Debug|Any CPU
		{226479CF-13D4-4E9B-97A7-D014820AF698}.Debug|x64.Build.0 = Debug|Any CPU
		{226479CF-13D4-4E9B-97A7-D014820AF698}.Debug|x86.ActiveCfg = Debug|Any CPU
		{226479CF-13D4-4E9B-97A7-D014820AF698}.Debug|x86.Build.0 = Debug|Any CPU
		{226479CF-13D4-4E9B-97A7-D014820AF698}.Release|Any CPU.ActiveCfg = Release|Any CPU
		{226479CF-13D4-4E9B-97A7-D014820AF698}.Release|Any CPU.Build.0 = Release|Any CPU
		{226479CF-13D4-4E9B-97A7-D014820AF698}.Release|x64.ActiveCfg = Release|Any CPU
		{226479CF-13D4-4E9B-97A7-D014820AF698}.Release|x64.Build.0 = Release|Any CPU
		{226479CF-13D4-4E9B-97A7-D014820AF698}.Release|x86.ActiveCfg = Release|Any CPU
		{226479CF-13D4-4E9B-97A7-D014820AF698}.Release|x86.Build.0 = Release|Any CPU
		{324B46FF-599D-44CC-B31A-B0DA3EC6C139}.Debug|Any CPU.ActiveCfg = Debug|Any CPU
		{324B46FF-599D-44CC-B31A-B0DA3EC6C139}.Debug|Any CPU.Build.0 = Debug|Any CPU
		{324B46FF-599D-44CC-B31A-B0DA3EC6C139}.Debug|x64.ActiveCfg = Debug|Any CPU
		{324B46FF-599D-44CC-B31A-B0DA3EC6C139}.Debug|x64.Build.0 = Debug|Any CPU
		{324B46FF-599D-44CC-B31A-B0DA3EC6C139}.Debug|x86.ActiveCfg = Debug|Any CPU
		{324B46FF-599D-44CC-B31A-B0DA3EC6C139}.Debug|x86.Build.0 = Debug|Any CPU
		{324B46FF-599D-44CC-B31A-B0DA3EC6C139}.Release|Any CPU.ActiveCfg = Release|Any CPU
		{324B46FF-599D-44CC-B31A-B0DA3EC6C139}.Release|Any CPU.Build.0 = Release|Any CPU
		{324B46FF-599D-44CC-B31A-B0DA3EC6C139}.Release|x64.ActiveCfg = Release|Any CPU
		{324B46FF-599D-44CC-B31A-B0DA3EC6C139}.Release|x64.Build.0 = Release|Any CPU
		{324B46FF-599D-44CC-B31A-B0DA3EC6C139}.Release|x86.ActiveCfg = Release|Any CPU
		{324B46FF-599D-44CC-B31A-B0DA3EC6C139}.Release|x86.Build.0 = Release|Any CPU
		{08B25DE0-FFE0-45C3-A7C3-12BD5487584F}.Debug|Any CPU.ActiveCfg = Debug|Any CPU
		{08B25DE0-FFE0-45C3-A7C3-12BD5487584F}.Debug|Any CPU.Build.0 = Debug|Any CPU
		{08B25DE0-FFE0-45C3-A7C3-12BD5487584F}.Debug|x64.ActiveCfg = Debug|Any CPU
		{08B25DE0-FFE0-45C3-A7C3-12BD5487584F}.Debug|x64.Build.0 = Debug|Any CPU
		{08B25DE0-FFE0-45C3-A7C3-12BD5487584F}.Debug|x86.ActiveCfg = Debug|Any CPU
		{08B25DE0-FFE0-45C3-A7C3-12BD5487584F}.Debug|x86.Build.0 = Debug|Any CPU
		{08B25DE0-FFE0-45C3-A7C3-12BD5487584F}.Release|Any CPU.ActiveCfg = Release|Any CPU
		{08B25DE0-FFE0-45C3-A7C3-12BD5487584F}.Release|Any CPU.Build.0 = Release|Any CPU
		{08B25DE0-FFE0-45C3-A7C3-12BD5487584F}.Release|x64.ActiveCfg = Release|Any CPU
		{08B25DE0-FFE0-45C3-A7C3-12BD5487584F}.Release|x64.Build.0 = Release|Any CPU
		{08B25DE0-FFE0-45C3-A7C3-12BD5487584F}.Release|x86.ActiveCfg = Release|Any CPU
		{08B25DE0-FFE0-45C3-A7C3-12BD5487584F}.Release|x86.Build.0 = Release|Any CPU
	EndGlobalSection
EndGlobal
